// !$*UTF8*$!
{
	archiveVersion = 1;
	classes = {
	};
	objectVersion = 51;
	objects = {

/* Begin PBXBuildFile section */
		016E66B726C50BBB004675C0 /* AppDelegate.swift in Sources */ = {isa = PBXBuildFile; fileRef = 016E66B626C50BBB004675C0 /* AppDelegate.swift */; };
		016E66B926C50BBB004675C0 /* SceneDelegate.swift in Sources */ = {isa = PBXBuildFile; fileRef = 016E66B826C50BBB004675C0 /* SceneDelegate.swift */; };
		016E66BB26C50BBB004675C0 /* ViewController.swift in Sources */ = {isa = PBXBuildFile; fileRef = 016E66BA26C50BBB004675C0 /* ViewController.swift */; };
		016E66BE26C50BBB004675C0 /* Main.storyboard in Resources */ = {isa = PBXBuildFile; fileRef = 016E66BC26C50BBB004675C0 /* Main.storyboard */; };
		016E66C026C50BC4004675C0 /* Assets.xcassets in Resources */ = {isa = PBXBuildFile; fileRef = 016E66BF26C50BC4004675C0 /* Assets.xcassets */; };
		016E66C326C50BC4004675C0 /* LaunchScreen.storyboard in Resources */ = {isa = PBXBuildFile; fileRef = 016E66C126C50BC4004675C0 /* LaunchScreen.storyboard */; };
		016E66CC26C52F5C004675C0 /* MyProduct.swift in Sources */ = {isa = PBXBuildFile; fileRef = 016E66CB26C52F5C004675C0 /* MyProduct.swift */; };
		016E66CE26C52FF6004675C0 /* MyProductDetailViewController.swift in Sources */ = {isa = PBXBuildFile; fileRef = 016E66CD26C52FF6004675C0 /* MyProductDetailViewController.swift */; };
		8C58C9FA379B477EB8505286 /* Pods_RxSwiftDemo.framework in Frameworks */ = {isa = PBXBuildFile; fileRef = 98CE6B7AA8CFC0C4BE7E4363 /* Pods_RxSwiftDemo.framework */; };
/* End PBXBuildFile section */

/* Begin PBXFileReference section */
		016E66B326C50BBB004675C0 /* RxSwiftDemo.app */ = {isa = PBXFileReference; explicitFileType = wrapper.application; includeInIndex = 0; path = RxSwiftDemo.app; sourceTree = BUILT_PRODUCTS_DIR; };
		016E66B626C50BBB004675C0 /* AppDelegate.swift */ = {isa = PBXFileReference; lastKnownFileType = sourcecode.swift; path = AppDelegate.swift; sourceTree = "<group>"; };
		016E66B826C50BBB004675C0 /* SceneDelegate.swift */ = {isa = PBXFileReference; lastKnownFileType = sourcecode.swift; path = SceneDelegate.swift; sourceTree = "<group>"; };
		016E66BA26C50BBB004675C0 /* ViewController.swift */ = {isa = PBXFileReference; lastKnownFileType = sourcecode.swift; path = ViewController.swift; sourceTree = "<group>"; };
		016E66BD26C50BBB004675C0 /* Base */ = {isa = PBXFileReference; lastKnownFileType = file.storyboard; name = Base; path = Base.lproj/Main.storyboard; sourceTree = "<group>"; };
		016E66BF26C50BC4004675C0 /* Assets.xcassets */ = {isa = PBXFileReference; lastKnownFileType = folder.assetcatalog; path = Assets.xcassets; sourceTree = "<group>"; };
		016E66C226C50BC4004675C0 /* Base */ = {isa = PBXFileReference; lastKnownFileType = file.storyboard; name = Base; path = Base.lproj/LaunchScreen.storyboard; sourceTree = "<group>"; };
		016E66C426C50BC4004675C0 /* Info.plist */ = {isa = PBXFileReference; lastKnownFileType = text.plist.xml; path = Info.plist; sourceTree = "<group>"; };
		016E66CB26C52F5C004675C0 /* MyProduct.swift */ = {isa = PBXFileReference; lastKnownFileType = sourcecode.swift; path = MyProduct.swift; sourceTree = "<group>"; };
		016E66CD26C52FF6004675C0 /* MyProductDetailViewController.swift */ = {isa = PBXFileReference; lastKnownFileType = sourcecode.swift; path = MyProductDetailViewController.swift; sourceTree = "<group>"; };
		7AEA722E7CCADCF5173DC411 /* Pods-RxSwiftDemo.release.xcconfig */ = {isa = PBXFileReference; includeInIndex = 1; lastKnownFileType = text.xcconfig; name = "Pods-RxSwiftDemo.release.xcconfig"; path = "Target Support Files/Pods-RxSwiftDemo/Pods-RxSwiftDemo.release.xcconfig"; sourceTree = "<group>"; };
		8C10006DF8DCE39E73BFB665 /* Pods-RxSwiftDemo.debug.xcconfig */ = {isa = PBXFileReference; includeInIndex = 1; lastKnownFileType = text.xcconfig; name = "Pods-RxSwiftDemo.debug.xcconfig"; path = "Target Support Files/Pods-RxSwiftDemo/Pods-RxSwiftDemo.debug.xcconfig"; sourceTree = "<group>"; };
		98CE6B7AA8CFC0C4BE7E4363 /* Pods_RxSwiftDemo.framework */ = {isa = PBXFileReference; explicitFileType = wrapper.framework; includeInIndex = 0; path = Pods_RxSwiftDemo.framework; sourceTree = BUILT_PRODUCTS_DIR; };
/* End PBXFileReference section */

/* Begin PBXFrameworksBuildPhase section */
		016E66B026C50BBB004675C0 /* Frameworks */ = {
			isa = PBXFrameworksBuildPhase;
			buildActionMask = 2147483647;
			files = (
				8C58C9FA379B477EB8505286 /* Pods_RxSwiftDemo.framework in Frameworks */,
			);
			runOnlyForDeploymentPostprocessing = 0;
		};
/* End PBXFrameworksBuildPhase section */

/* Begin PBXGroup section */
		016E66AA26C50BBB004675C0 = {
			isa = PBXGroup;
			children = (
				016E66B526C50BBB004675C0 /* RxSwiftDemo */,
				016E66B426C50BBB004675C0 /* Products */,
				B8A99A420BF0040BB0A82397 /* Pods */,
				ED58F1610D5160B849FE1027 /* Frameworks */,
			);
			sourceTree = "<group>";
		};
		016E66B426C50BBB004675C0 /* Products */ = {
			isa = PBXGroup;
			children = (
				016E66B326C50BBB004675C0 /* RxSwiftDemo.app */,
			);
			name = Products;
			sourceTree = "<group>";
		};
		016E66B526C50BBB004675C0 /* RxSwiftDemo */ = {
			isa = PBXGroup;
			children = (
				016E66CA26C52F39004675C0 /* Model */,
				016E66B626C50BBB004675C0 /* AppDelegate.swift */,
				016E66B826C50BBB004675C0 /* SceneDelegate.swift */,
				016E66CF26C53001004675C0 /* Controllers */,
				016E66BC26C50BBB004675C0 /* Main.storyboard */,
				016E66BF26C50BC4004675C0 /* Assets.xcassets */,
				016E66C126C50BC4004675C0 /* LaunchScreen.storyboard */,
				016E66C426C50BC4004675C0 /* Info.plist */,
			);
			path = RxSwiftDemo;
			sourceTree = "<group>";
		};
		016E66CA26C52F39004675C0 /* Model */ = {
			isa = PBXGroup;
			children = (
				016E66CB26C52F5C004675C0 /* MyProduct.swift */,
			);
			path = Model;
			sourceTree = "<group>";
		};
		016E66CF26C53001004675C0 /* Controllers */ = {
			isa = PBXGroup;
			children = (
				016E66BA26C50BBB004675C0 /* ViewController.swift */,
				016E66CD26C52FF6004675C0 /* MyProductDetailViewController.swift */,
			);
			path = Controllers;
			sourceTree = "<group>";
		};
		B8A99A420BF0040BB0A82397 /* Pods */ = {
			isa = PBXGroup;
			children = (
				8C10006DF8DCE39E73BFB665 /* Pods-RxSwiftDemo.debug.xcconfig */,
				7AEA722E7CCADCF5173DC411 /* Pods-RxSwiftDemo.release.xcconfig */,
			);
			path = Pods;
			sourceTree = "<group>";
		};
		ED58F1610D5160B849FE1027 /* Frameworks */ = {
			isa = PBXGroup;
			children = (
				98CE6B7AA8CFC0C4BE7E4363 /* Pods_RxSwiftDemo.framework */,
			);
			name = Frameworks;
			sourceTree = "<group>";
		};
/* End PBXGroup section */

/* Begin PBXNativeTarget section */
		016E66B226C50BBB004675C0 /* RxSwiftDemo */ = {
			isa = PBXNativeTarget;
			buildConfigurationList = 016E66C726C50BC4004675C0 /* Build configuration list for PBXNativeTarget "RxSwiftDemo" */;
			buildPhases = (
				E5F9675584E4C584ECD2E73C /* [CP] Check Pods Manifest.lock */,
				016E66AF26C50BBB004675C0 /* Sources */,
				016E66B026C50BBB004675C0 /* Frameworks */,
				016E66B126C50BBB004675C0 /* Resources */,
				4C970AF368B4B8D0C4CF976E /* [CP] Embed Pods Frameworks */,
			);
			buildRules = (
			);
			dependencies = (
			);
			name = RxSwiftDemo;
			productName = RxSwiftDemo;
			productReference = 016E66B326C50BBB004675C0 /* RxSwiftDemo.app */;
			productType = "com.apple.product-type.application";
		};
/* End PBXNativeTarget section */

/* Begin PBXProject section */
		016E66AB26C50BBB004675C0 /* Project object */ = {
			isa = PBXProject;
			attributes = {
				LastSwiftUpdateCheck = 1250;
				LastUpgradeCheck = 1250;
				TargetAttributes = {
					016E66B226C50BBB004675C0 = {
						CreatedOnToolsVersion = 12.5.1;
					};
				};
			};
			buildConfigurationList = 016E66AE26C50BBB004675C0 /* Build configuration list for PBXProject "RxSwiftDemo" */;
			compatibilityVersion = "Xcode 9.3";
			developmentRegion = en;
			hasScannedForEncodings = 0;
			knownRegions = (
				en,
				Base,
			);
			mainGroup = 016E66AA26C50BBB004675C0;
			productRefGroup = 016E66B426C50BBB004675C0 /* Products */;
			projectDirPath = "";
			projectRoot = "";
			targets = (
				016E66B226C50BBB004675C0 /* RxSwiftDemo */,
			);
		};
/* End PBXProject section */

/* Begin PBXResourcesBuildPhase section */
		016E66B126C50BBB004675C0 /* Resources */ = {
			isa = PBXResourcesBuildPhase;
			buildActionMask = 2147483647;
			files = (
				016E66C326C50BC4004675C0 /* LaunchScreen.storyboard in Resources */,
				016E66C026C50BC4004675C0 /* Assets.xcassets in Resources */,
				016E66BE26C50BBB004675C0 /* Main.storyboard in Resources */,
			);
			runOnlyForDeploymentPostprocessing = 0;
		};
/* End PBXResourcesBuildPhase section */

/* Begin PBXShellScriptBuildPhase section */
		4C970AF368B4B8D0C4CF976E /* [CP] Embed Pods Frameworks */ = {
			isa = PBXShellScriptBuildPhase;
			buildActionMask = 2147483647;
			files = (
			);
			inputFileListPaths = (
				"${PODS_ROOT}/Target Support Files/Pods-RxSwiftDemo/Pods-RxSwiftDemo-frameworks-${CONFIGURATION}-input-files.xcfilelist",
			);
			name = "[CP] Embed Pods Frameworks";
			outputFileListPaths = (
				"${PODS_ROOT}/Target Support Files/Pods-RxSwiftDemo/Pods-RxSwiftDemo-frameworks-${CONFIGURATION}-output-files.xcfilelist",
			);
			runOnlyForDeploymentPostprocessing = 0;
			shellPath = /bin/sh;
			shellScript = "\"${PODS_ROOT}/Target Support Files/Pods-RxSwiftDemo/Pods-RxSwiftDemo-frameworks.sh\"\n";
			showEnvVarsInLog = 0;
		};
		E5F9675584E4C584ECD2E73C /* [CP] Check Pods Manifest.lock */ = {
			isa = PBXShellScriptBuildPhase;
			buildActionMask = 2147483647;
			files = (
			);
			inputFileListPaths = (
			);
			inputPaths = (
				"${PODS_PODFILE_DIR_PATH}/Podfile.lock",
				"${PODS_ROOT}/Manifest.lock",
			);
			name = "[CP] Check Pods Manifest.lock";
			outputFileListPaths = (
			);
			outputPaths = (
				"$(DERIVED_FILE_DIR)/Pods-RxSwiftDemo-checkManifestLockResult.txt",
			);
			runOnlyForDeploymentPostprocessing = 0;
			shellPath = /bin/sh;
			shellScript = "diff \"${PODS_PODFILE_DIR_PATH}/Podfile.lock\" \"${PODS_ROOT}/Manifest.lock\" > /dev/null\nif [ $? != 0 ] ; then\n    # print error to STDERR\n    echo \"error: The sandbox is not in sync with the Podfile.lock. Run 'pod install' or update your CocoaPods installation.\" >&2\n    exit 1\nfi\n# This output is used by Xcode 'outputs' to avoid re-running this script phase.\necho \"SUCCESS\" > \"${SCRIPT_OUTPUT_FILE_0}\"\n";
			showEnvVarsInLog = 0;
		};
/* End PBXShellScriptBuildPhase section */

/* Begin PBXSourcesBuildPhase section */
		016E66AF26C50BBB004675C0 /* Sources */ = {
			isa = PBXSourcesBuildPhase;
			buildActionMask = 2147483647;
			files = (
				016E66BB26C50BBB004675C0 /* ViewController.swift in Sources */,
				016E66CC26C52F5C004675C0 /* MyProduct.swift in Sources */,
				016E66CE26C52FF6004675C0 /* MyProductDetailViewController.swift in Sources */,
				016E66B726C50BBB004675C0 /* AppDelegate.swift in Sources */,
				016E66B926C50BBB004675C0 /* SceneDelegate.swift in Sources */,
			);
			runOnlyForDeploymentPostprocessing = 0;
		};
/* End PBXSourcesBuildPhase section */

/* Begin PBXVariantGroup section */
		016E66BC26C50BBB004675C0 /* Main.storyboard */ = {
			isa = PBXVariantGroup;
			children = (
				016E66BD26C50BBB004675C0 /* Base */,
			);
			name = Main.storyboard;
			sourceTree = "<group>";
		};
		016E66C126C50BC4004675C0 /* LaunchScreen.storyboard */ = {
			isa = PBXVariantGroup;
			children = (
				016E66C226C50BC4004675C0 /* Base */,
			);
			name = LaunchScreen.storyboard;
			sourceTree = "<group>";
		};
/* End PBXVariantGroup section */

/* Begin XCBuildConfiguration section */
		016E66C526C50BC4004675C0 /* Debug */ = {
			isa = XCBuildConfiguration;
			buildSettings = {
				ALWAYS_SEARCH_USER_PATHS = NO;
				CLANG_ANALYZER_NONNULL = YES;
				CLANG_ANALYZER_NUMBER_OBJECT_CONVERSION = YES_AGGRESSIVE;
				CLANG_CXX_LANGUAGE_STANDARD = "gnu++14";
				CLANG_CXX_LIBRARY = "libc++";
				CLANG_ENABLE_MODULES = YES;
				CLANG_ENABLE_OBJC_ARC = YES;
				CLANG_ENABLE_OBJC_WEAK = YES;
				CLANG_WARN_BLOCK_CAPTURE_AUTORELEASING = YES;
				CLANG_WARN_BOOL_CONVERSION = YES;
				CLANG_WARN_COMMA = YES;
				CLANG_WARN_CONSTANT_CONVERSION = YES;
				CLANG_WARN_DEPRECATED_OBJC_IMPLEMENTATIONS = YES;
				CLANG_WARN_DIRECT_OBJC_ISA_USAGE = YES_ERROR;
				CLANG_WARN_DOCUMENTATION_COMMENTS = YES;
				CLANG_WARN_EMPTY_BODY = YES;
				CLANG_WARN_ENUM_CONVERSION = YES;
				CLANG_WARN_INFINITE_RECURSION = YES;
				CLANG_WARN_INT_CONVERSION = YES;
				CLANG_WARN_NON_LITERAL_NULL_CONVERSION = YES;
				CLANG_WARN_OBJC_IMPLICIT_RETAIN_SELF = YES;
				CLANG_WARN_OBJC_LITERAL_CONVERSION = YES;
				CLANG_WARN_OBJC_ROOT_CLASS = YES_ERROR;
				CLANG_WARN_QUOTED_INCLUDE_IN_FRAMEWORK_HEADER = YES;
				CLANG_WARN_RANGE_LOOP_ANALYSIS = YES;
				CLANG_WARN_STRICT_PROTOTYPES = YES;
				CLANG_WARN_SUSPICIOUS_MOVE = YES;
				CLANG_WARN_UNGUARDED_AVAILABILITY = YES_AGGRESSIVE;
				CLANG_WARN_UNREACHABLE_CODE = YES;
				CLANG_WARN__DUPLICATE_METHOD_MATCH = YES;
				COPY_PHASE_STRIP = NO;
				DEBUG_INFORMATION_FORMAT = dwarf;
				ENABLE_STRICT_OBJC_MSGSEND = YES;
				ENABLE_TESTABILITY = YES;
				GCC_C_LANGUAGE_STANDARD = gnu11;
				GCC_DYNAMIC_NO_PIC = NO;
				GCC_NO_COMMON_BLOCKS = YES;
				GCC_OPTIMIZATION_LEVEL = 0;
				GCC_PREPROCESSOR_DEFINITIONS = (
					"DEBUG=1",
					"$(inherited)",
				);
				GCC_WARN_64_TO_32_BIT_CONVERSION = YES;
				GCC_WARN_ABOUT_RETURN_TYPE = YES_ERROR;
				GCC_WARN_UNDECLARED_SELECTOR = YES;
				GCC_WARN_UNINITIALIZED_AUTOS = YES_AGGRESSIVE;
				GCC_WARN_UNUSED_FUNCTION = YES;
				GCC_WARN_UNUSED_VARIABLE = YES;
				IPHONEOS_DEPLOYMENT_TARGET = 14.5;
				MTL_ENABLE_DEBUG_INFO = INCLUDE_SOURCE;
				MTL_FAST_MATH = YES;
				ONLY_ACTIVE_ARCH = YES;
				SDKROOT = iphoneos;
				SWIFT_ACTIVE_COMPILATION_CONDITIONS = DEBUG;
				SWIFT_OPTIMIZATION_LEVEL = "-Onone";
			};
			name = Debug;
		};
		016E66C626C50BC4004675C0 /* Release */ = {
			isa = XCBuildConfiguration;
			buildSettings = {
				ALWAYS_SEARCH_USER_PATHS = NO;
				CLANG_ANALYZER_NONNULL = YES;
				CLANG_ANALYZER_NUMBER_OBJECT_CONVERSION = YES_AGGRESSIVE;
				CLANG_CXX_LANGUAGE_STANDARD = "gnu++14";
				CLANG_CXX_LIBRARY = "libc++";
				CLANG_ENABLE_MODULES = YES;
				CLANG_ENABLE_OBJC_ARC = YES;
				CLANG_ENABLE_OBJC_WEAK = YES;
				CLANG_WARN_BLOCK_CAPTURE_AUTORELEASING = YES;
				CLANG_WARN_BOOL_CONVERSION = YES;
				CLANG_WARN_COMMA = YES;
				CLANG_WARN_CONSTANT_CONVERSION = YES;
				CLANG_WARN_DEPRECATED_OBJC_IMPLEMENTATIONS = YES;
				CLANG_WARN_DIRECT_OBJC_ISA_USAGE = YES_ERROR;
				CLANG_WARN_DOCUMENTATION_COMMENTS = YES;
				CLANG_WARN_EMPTY_BODY = YES;
				CLANG_WARN_ENUM_CONVERSION = YES;
				CLANG_WARN_INFINITE_RECURSION = YES;
				CLANG_WARN_INT_CONVERSION = YES;
				CLANG_WARN_NON_LITERAL_NULL_CONVERSION = YES;
				CLANG_WARN_OBJC_IMPLICIT_RETAIN_SELF = YES;
				CLANG_WARN_OBJC_LITERAL_CONVERSION = YES;
				CLANG_WARN_OBJC_ROOT_CLASS = YES_ERROR;
				CLANG_WARN_QUOTED_INCLUDE_IN_FRAMEWORK_HEADER = YES;
				CLANG_WARN_RANGE_LOOP_ANALYSIS = YES;
				CLANG_WARN_STRICT_PROTOTYPES = YES;
				CLANG_WARN_SUSPICIOUS_MOVE = YES;
				CLANG_WARN_UNGUARDED_AVAILABILITY = YES_AGGRESSIVE;
				CLANG_WARN_UNREACHABLE_CODE = YES;
				CLANG_WARN__DUPLICATE_METHOD_MATCH = YES;
				COPY_PHASE_STRIP = NO;
				DEBUG_INFORMATION_FORMAT = "dwarf-with-dsym";
				ENABLE_NS_ASSERTIONS = NO;
				ENABLE_STRICT_OBJC_MSGSEND = YES;
				GCC_C_LANGUAGE_STANDARD = gnu11;
				GCC_NO_COMMON_BLOCKS = YES;
				GCC_WARN_64_TO_32_BIT_CONVERSION = YES;
				GCC_WARN_ABOUT_RETURN_TYPE = YES_ERROR;
				GCC_WARN_UNDECLARED_SELECTOR = YES;
				GCC_WARN_UNINITIALIZED_AUTOS = YES_AGGRESSIVE;
				GCC_WARN_UNUSED_FUNCTION = YES;
				GCC_WARN_UNUSED_VARIABLE = YES;
				IPHONEOS_DEPLOYMENT_TARGET = 14.5;
				MTL_ENABLE_DEBUG_INFO = NO;
				MTL_FAST_MATH = YES;
				SDKROOT = iphoneos;
				SWIFT_COMPILATION_MODE = wholemodule;
				SWIFT_OPTIMIZATION_LEVEL = "-O";
				VALIDATE_PRODUCT = YES;
			};
			name = Release;
		};
		016E66C826C50BC4004675C0 /* Debug */ = {
			isa = XCBuildConfiguration;
			baseConfigurationReference = 8C10006DF8DCE39E73BFB665 /* Pods-RxSwiftDemo.debug.xcconfig */;
			buildSettings = {
				ASSETCATALOG_COMPILER_APPICON_NAME = AppIcon;
				ASSETCATALOG_COMPILER_GLOBAL_ACCENT_COLOR_NAME = AccentColor;
				CODE_SIGN_STYLE = Automatic;
				DEVELOPMENT_TEAM = S83TL6GCMZ;
				INFOPLIST_FILE = RxSwiftDemo/Info.plist;
				LD_RUNPATH_SEARCH_PATHS = (
					"$(inherited)",
					"@executable_path/Frameworks",
				);
				PRODUCT_BUNDLE_IDENTIFIER = com.dhanajitkapali.RxSwiftDemo;
				PRODUCT_NAME = "$(TARGET_NAME)";
				SWIFT_VERSION = 5.0;
				TARGETED_DEVICE_FAMILY = "1,2";
			};
			name = Debug;
		};
		016E66C926C50BC4004675C0 /* Release */ = {
			isa = XCBuildConfiguration;
			baseConfigurationReference = 7AEA722E7CCADCF5173DC411 /* Pods-RxSwiftDemo.release.xcconfig */;
			buildSettings = {
				ASSETCATALOG_COMPILER_APPICON_NAME = AppIcon;
				ASSETCATALOG_COMPILER_GLOBAL_ACCENT_COLOR_NAME = AccentColor;
				CODE_SIGN_STYLE = Automatic;
				DEVELOPMENT_TEAM = S83TL6GCMZ;
				INFOPLIST_FILE = RxSwiftDemo/Info.plist;
				LD_RUNPATH_SEARCH_PATHS = (
					"$(inherited)",
					"@executable_path/Frameworks",
				);
				PRODUCT_BUNDLE_IDENTIFIER = com.dhanajitkapali.RxSwiftDemo;
				PRODUCT_NAME = "$(TARGET_NAME)";
				SWIFT_VERSION = 5.0;
				TARGETED_DEVICE_FAMILY = "1,2";
			};
			name = Release;
		};
/* End XCBuildConfiguration section */

/* Begin XCConfigurationList section */
		016E66AE26C50BBB004675C0 /* Build configuration list for PBXProject "RxSwiftDemo" */ = {
			isa = XCConfigurationList;
			buildConfigurations = (
				016E66C526C50BC4004675C0 /* Debug */,
				016E66C626C50BC4004675C0 /* Release */,
			);
			defaultConfigurationIsVisible = 0;
			defaultConfigurationName = Release;
		};
		016E66C726C50BC4004675C0 /* Build configuration list for PBXNativeTarget "RxSwiftDemo" */ = {
			isa = XCConfigurationList;
			buildConfigurations = (
				016E66C826C50BC4004675C0 /* Debug */,
				016E66C926C50BC4004675C0 /* Release */,
			);
			defaultConfigurationIsVisible = 0;
			defaultConfigurationName = Release;
		};
/* End XCConfigurationList section */
	};
	rootObject = 016E66AB26C50BBB004675C0 /* Project object */;
}
